
Microsoft Visual Studio Solution File, Format Version 12.00
# Visual Studio Version 17
VisualStudioVersion = 17.13.35931.197 d17.13
MinimumVisualStudioVersion = 10.0.40219.1
Project("{FAE04EC0-301F-11D3-BF4B-00C04F79EFBC}") = "CRUD", "CRUD\CRUD.csproj", "{AC0A9A17-3C8E-4AB2-A7A1-C4B9696CCE75}"
EndProject
Global
	GlobalSection(SolutionConfigurationPlatforms) = preSolution
		Debug|Any CPU = Debug|Any CPU
		Release|Any CPU = Release|Any CPU
	EndGlobalSection
	GlobalSection(ProjectConfigurationPlatforms) = postSolution
		{AC0A9A17-3C8E-4AB2-A7A1-C4B9696CCE75}.Debug|Any CPU.ActiveCfg = Debug|Any CPU
		{AC0A9A17-3C8E-4AB2-A7A1-C4B9696CCE75}.Debug|Any CPU.Build.0 = Debug|Any CPU
		{AC0A9A17-3C8E-4AB2-A7A1-C4B9696CCE75}.Release|Any CPU.ActiveCfg = Release|Any CPU
		{AC0A9A17-3C8E-4AB2-A7A1-C4B9696CCE75}.Release|Any CPU.Build.0 = Release|Any CPU
	EndGlobalSection
	GlobalSection(SolutionProperties) = preSolution
		HideSolutionNode = FALSE
	EndGlobalSection
	GlobalSection(ExtensibilityGlobals) = postSolution
		SolutionGuid = {FE4E834B-E41D-4191-9161-4A31F9EEF240}
	EndGlobalSection
EndGlobal
